
Microsoft Visual Studio Solution File, Format Version 12.00
# Visual Studio Version 16
VisualStudioVersion = 16.0.30804.86
MinimumVisualStudioVersion = 10.0.40219.1
Project("{FAE04EC0-301F-11D3-BF4B-00C04F79EFBC}") = "PersonList.Entities", "PersonList.Entities\PersonList.Entities.csproj", "{459CB12D-1522-4A47-B02E-1EBE899E885B}"
EndProject
Project("{FAE04EC0-301F-11D3-BF4B-00C04F79EFBC}") = "PersonList.DataAccess", "PersonList.DataAccess\PersonList.DataAccess.csproj", "{17C96EB3-3942-46F1-ADC8-2DEA56B09241}"
EndProject
Project("{FAE04EC0-301F-11D3-BF4B-00C04F79EFBC}") = "PersonList.Business", "PersonList.Business\PersonList.Business.csproj", "{CA2FA8C1-9C9B-4BAB-BADB-F1735E797DFC}"
EndProject
Project("{FAE04EC0-301F-11D3-BF4B-00C04F79EFBC}") = "PersonList.ConsoleUI", "PersonList.ConsoleUI\PersonList.ConsoleUI.csproj", "{26F00ADE-D9C7-45F8-B931-59E8C0330546}"
EndProject
Project("{FAE04EC0-301F-11D3-BF4B-00C04F79EFBC}") = "PersonList.MvcWebUI", "PersonList.MvcWebUI\PersonList.MvcWebUI.csproj", "{3E2123A7-8310-43EB-A685-31F27E280F74}"
EndProject
Project("{FAE04EC0-301F-11D3-BF4B-00C04F79EFBC}") = "DevFramework.Core", "DevFramework.Core\DevFramework.Core.csproj", "{93C91DD3-067E-4806-A7FF-F8F9B3E570D7}"
EndProject
Global
	GlobalSection(SolutionConfigurationPlatforms) = preSolution
		Debug|Any CPU = Debug|Any CPU
		Release|Any CPU = Release|Any CPU
	EndGlobalSection
	GlobalSection(ProjectConfigurationPlatforms) = postSolution
		{459CB12D-1522-4A47-B02E-1EBE899E885B}.Debug|Any CPU.ActiveCfg = Debug|Any CPU
		{459CB12D-1522-4A47-B02E-1EBE899E885B}.Debug|Any CPU.Build.0 = Debug|Any CPU
		{459CB12D-1522-4A47-B02E-1EBE899E885B}.Release|Any CPU.ActiveCfg = Release|Any CPU
		{459CB12D-1522-4A47-B02E-1EBE899E885B}.Release|Any CPU.Build.0 = Release|Any CPU
		{17C96EB3-3942-46F1-ADC8-2DEA56B09241}.Debug|Any CPU.ActiveCfg = Debug|Any CPU
		{17C96EB3-3942-46F1-ADC8-2DEA56B09241}.Debug|Any CPU.Build.0 = Debug|Any CPU
		{17C96EB3-3942-46F1-ADC8-2DEA56B09241}.Release|Any CPU.ActiveCfg = Release|Any CPU
		{17C96EB3-3942-46F1-ADC8-2DEA56B09241}.Release|Any CPU.Build.0 = Release|Any CPU
		{CA2FA8C1-9C9B-4BAB-BADB-F1735E797DFC}.Debug|Any CPU.ActiveCfg = Debug|Any CPU
		{CA2FA8C1-9C9B-4BAB-BADB-F1735E797DFC}.Debug|Any CPU.Build.0 = Debug|Any CPU
		{CA2FA8C1-9C9B-4BAB-BADB-F1735E797DFC}.Release|Any CPU.ActiveCfg = Release|Any CPU
		{CA2FA8C1-9C9B-4BAB-BADB-F1735E797DFC}.Release|Any CPU.Build.0 = Release|Any CPU
		{26F00ADE-D9C7-45F8-B931-59E8C0330546}.Debug|Any CPU.ActiveCfg = Debug|Any CPU
		{26F00ADE-D9C7-45F8-B931-59E8C0330546}.Debug|Any CPU.Build.0 = Debug|Any CPU
		{26F00ADE-D9C7-45F8-B931-59E8C0330546}.Release|Any CPU.ActiveCfg = Release|Any CPU
		{26F00ADE-D9C7-45F8-B931-59E8C0330546}.Release|Any CPU.Build.0 = Release|Any CPU
		{3E2123A7-8310-43EB-A685-31F27E280F74}.Debug|Any CPU.ActiveCfg = Debug|Any CPU
		{3E2123A7-8310-43EB-A685-31F27E280F74}.Debug|Any CPU.Build.0 = Debug|Any CPU
		{3E2123A7-8310-43EB-A685-31F27E280F74}.Release|Any CPU.ActiveCfg = Release|Any CPU
		{3E2123A7-8310-43EB-A685-31F27E280F74}.Release|Any CPU.Build.0 = Release|Any CPU
		{93C91DD3-067E-4806-A7FF-F8F9B3E570D7}.Debug|Any CPU.ActiveCfg = Debug|Any CPU
		{93C91DD3-067E-4806-A7FF-F8F9B3E570D7}.Debug|Any CPU.Build.0 = Debug|Any CPU
		{93C91DD3-067E-4806-A7FF-F8F9B3E570D7}.Release|Any CPU.ActiveCfg = Release|Any CPU
		{93C91DD3-067E-4806-A7FF-F8F9B3E570D7}.Release|Any CPU.Build.0 = Release|Any CPU
	EndGlobalSection
	GlobalSection(SolutionProperties) = preSolution
		HideSolutionNode = FALSE
	EndGlobalSection
	GlobalSection(ExtensibilityGlobals) = postSolution
		SolutionGuid = {6C41BBB5-5823-44A2-AB32-3123467C47F2}
	EndGlobalSection
EndGlobal
